
Microsoft Visual Studio Solution File, Format Version 12.00
# Visual Studio 15
VisualStudioVersion = 15.0.28307.705
MinimumVisualStudioVersion = 10.0.40219.1
Project("{FAE04EC0-301F-11D3-BF4B-00C04F79EFBC}") = "TryAgain", "TryAgain\TryAgain.csproj", "{888E333B-3867-44A0-9512-17A9EEE78D82}"
EndProject
Global
	GlobalSection(SolutionConfigurationPlatforms) = preSolution
		Debug|Any CPU = Debug|Any CPU
		Release|Any CPU = Release|Any CPU
	EndGlobalSection
	GlobalSection(ProjectConfigurationPlatforms) = postSolution
		{888E333B-3867-44A0-9512-17A9EEE78D82}.Debug|Any CPU.ActiveCfg = Debug|Any CPU
		{888E333B-3867-44A0-9512-17A9EEE78D82}.Debug|Any CPU.Build.0 = Debug|Any CPU
		{888E333B-3867-44A0-9512-17A9EEE78D82}.Release|Any CPU.ActiveCfg = Release|Any CPU
		{888E333B-3867-44A0-9512-17A9EEE78D82}.Release|Any CPU.Build.0 = Release|Any CPU
	EndGlobalSection
	GlobalSection(SolutionProperties) = preSolution
		HideSolutionNode = FALSE
	EndGlobalSection
	GlobalSection(ExtensibilityGlobals) = postSolution
		SolutionGuid = {E4DF7487-B52C-43F3-9186-00C861C5D9D8}
	EndGlobalSection
EndGlobal
